
Microsoft Visual Studio Solution File, Format Version 12.00
# Visual Studio 2013
VisualStudioVersion = 12.0.31101.0
MinimumVisualStudioVersion = 10.0.40219.1
Project("{FAE04EC0-301F-11D3-BF4B-00C04F79EFBC}") = "MailSender", "MailSender\MailSender.csproj", "{ABCDF4D6-5C58-4AAA-B282-4AB0466ABA7E}"
EndProject
Project("{2150E333-8FDC-42A3-9474-1A3956D46DE8}") = "SolutionFiles", "SolutionFiles", "{253FD5FB-B82C-413D-82EC-A3F12D2869DB}"
	ProjectSection(SolutionItems) = preProject
		README.md = README.md
	EndProjectSection
EndProject
Project("{2150E333-8FDC-42A3-9474-1A3956D46DE8}") = ".nuget", ".nuget", "{F9FA7590-58CE-42E6-A354-5B5C1579C415}"
	ProjectSection(SolutionItems) = preProject
		.nuget\NuGet.Config = .nuget\NuGet.Config
		.nuget\NuGet.exe = .nuget\NuGet.exe
		.nuget\NuGet.targets = .nuget\NuGet.targets
	EndProjectSection
EndProject
Project("{FAE04EC0-301F-11D3-BF4B-00C04F79EFBC}") = "SendMailJob", "SendMailJob\SendMailJob.csproj", "{AA80D3A3-7A15-46C5-9870-35CB91DA1D39}"
EndProject
Global
	GlobalSection(SolutionConfigurationPlatforms) = preSolution
		Debug|Any CPU = Debug|Any CPU
		Release|Any CPU = Release|Any CPU
	EndGlobalSection
	GlobalSection(ProjectConfigurationPlatforms) = postSolution
		{ABCDF4D6-5C58-4AAA-B282-4AB0466ABA7E}.Debug|Any CPU.ActiveCfg = Debug|Any CPU
		{ABCDF4D6-5C58-4AAA-B282-4AB0466ABA7E}.Debug|Any CPU.Build.0 = Debug|Any CPU
		{ABCDF4D6-5C58-4AAA-B282-4AB0466ABA7E}.Release|Any CPU.ActiveCfg = Release|Any CPU
		{ABCDF4D6-5C58-4AAA-B282-4AB0466ABA7E}.Release|Any CPU.Build.0 = Release|Any CPU
		{AA80D3A3-7A15-46C5-9870-35CB91DA1D39}.Debug|Any CPU.ActiveCfg = Debug|Any CPU
		{AA80D3A3-7A15-46C5-9870-35CB91DA1D39}.Debug|Any CPU.Build.0 = Debug|Any CPU
		{AA80D3A3-7A15-46C5-9870-35CB91DA1D39}.Release|Any CPU.ActiveCfg = Release|Any CPU
		{AA80D3A3-7A15-46C5-9870-35CB91DA1D39}.Release|Any CPU.Build.0 = Release|Any CPU
	EndGlobalSection
	GlobalSection(SolutionProperties) = preSolution
		HideSolutionNode = FALSE
	EndGlobalSection
EndGlobal
